
Microsoft Visual Studio Solution File, Format Version 12.00
# Visual Studio Version 17
VisualStudioVersion = 17.4.33205.214
MinimumVisualStudioVersion = 10.0.40219.1
Project("{FAE04EC0-301F-11D3-BF4B-00C04F79EFBC}") = "Tamagotchi WPF", "Tamagotchi WPF\Tamagotchi WPF.csproj", "{84F8F2A7-70A0-4EEF-90AE-CFAE4EB5BFCC}"
EndProject
Global
	GlobalSection(SolutionConfigurationPlatforms) = preSolution
		Debug|Any CPU = Debug|Any CPU
		Release|Any CPU = Release|Any CPU
	EndGlobalSection
	GlobalSection(ProjectConfigurationPlatforms) = postSolution
		{84F8F2A7-70A0-4EEF-90AE-CFAE4EB5BFCC}.Debug|Any CPU.ActiveCfg = Debug|Any CPU
		{84F8F2A7-70A0-4EEF-90AE-CFAE4EB5BFCC}.Debug|Any CPU.Build.0 = Debug|Any CPU
		{84F8F2A7-70A0-4EEF-90AE-CFAE4EB5BFCC}.Release|Any CPU.ActiveCfg = Release|Any CPU
		{84F8F2A7-70A0-4EEF-90AE-CFAE4EB5BFCC}.Release|Any CPU.Build.0 = Release|Any CPU
	EndGlobalSection
	GlobalSection(SolutionProperties) = preSolution
		HideSolutionNode = FALSE
	EndGlobalSection
	GlobalSection(ExtensibilityGlobals) = postSolution
		SolutionGuid = {5273B31C-FED5-4A32-AEEE-BA653700EB0A}
	EndGlobalSection
EndGlobal
